dependencies:
  cmd_nvs:
    dependencies: []
    source:
      path: C:\Users\jragus\esp\v5.4\esp-idf\examples\system\console\advanced\components\cmd_nvs
      type: local
    version: '*'
  cmd_system:
    dependencies: []
    source:
      path: C:\Users\jragus\esp\v5.4\esp-idf\examples\system\console\advanced\components\cmd_system
      type: local
    version: '*'
  cmd_wifi:
    dependencies: []
    source:
      path: C:\Users\jragus\esp\v5.4\esp-idf\examples\system\console\advanced\components\cmd_wifi
      type: local
    version: '*'
  idf:
    source:
      type: idf
    version: 5.4.0
direct_dependencies:
- cmd_nvs
- cmd_system
- cmd_wifi
- idf
manifest_hash: 2a7d3b4fb5c11ff7b506ae706bd57839df24cc615290af5aaad46aa4a0466239
target: esp32c6
version: 2.0.0
